
Microsoft Visual Studio Solution File, Format Version 12.00
# Visual Studio Version 17
VisualStudioVersion = 17.12.35527.113 d17.12
MinimumVisualStudioVersion = 10.0.40219.1
Project("{FAE04EC0-301F-11D3-BF4B-00C04F79EFBC}") = "TechXpress.Web", "TechXpress E-commerce Platform\TechXpress.Web.csproj", "{F930BB72-D208-4AB8-9E57-C322F9B13DE6}"
EndProject
Project("{FAE04EC0-301F-11D3-BF4B-00C04F79EFBC}") = "TechXpress.Data", "TechXpress.Data\TechXpress.Data.csproj", "{69FACC58-6BA5-4512-BD8D-D8F1FC7F3F03}"
EndProject
Project("{FAE04EC0-301F-11D3-BF4B-00C04F79EFBC}") = "TechXpress.Services", "TechXpress.Services\TechXpress.Services.csproj", "{0C378D32-D434-40BF-9A78-351B454E386F}"
EndProject
Global
	GlobalSection(SolutionConfigurationPlatforms) = preSolution
		Debug|Any CPU = Debug|Any CPU
		Release|Any CPU = Release|Any CPU
	EndGlobalSection
	GlobalSection(ProjectConfigurationPlatforms) = postSolution
		{F930BB72-D208-4AB8-9E57-C322F9B13DE6}.Debug|Any CPU.ActiveCfg = Debug|Any CPU
		{F930BB72-D208-4AB8-9E57-C322F9B13DE6}.Debug|Any CPU.Build.0 = Debug|Any CPU
		{F930BB72-D208-4AB8-9E57-C322F9B13DE6}.Release|Any CPU.ActiveCfg = Release|Any CPU
		{F930BB72-D208-4AB8-9E57-C322F9B13DE6}.Release|Any CPU.Build.0 = Release|Any CPU
		{69FACC58-6BA5-4512-BD8D-D8F1FC7F3F03}.Debug|Any CPU.ActiveCfg = Debug|Any CPU
		{69FACC58-6BA5-4512-BD8D-D8F1FC7F3F03}.Debug|Any CPU.Build.0 = Debug|Any CPU
		{69FACC58-6BA5-4512-BD8D-D8F1FC7F3F03}.Release|Any CPU.ActiveCfg = Release|Any CPU
		{69FACC58-6BA5-4512-BD8D-D8F1FC7F3F03}.Release|Any CPU.Build.0 = Release|Any CPU
		{0C378D32-D434-40BF-9A78-351B454E386F}.Debug|Any CPU.ActiveCfg = Debug|Any CPU
		{0C378D32-D434-40BF-9A78-351B454E386F}.Debug|Any CPU.Build.0 = Debug|Any CPU
		{0C378D32-D434-40BF-9A78-351B454E386F}.Release|Any CPU.ActiveCfg = Release|Any CPU
		{0C378D32-D434-40BF-9A78-351B454E386F}.Release|Any CPU.Build.0 = Release|Any CPU
	EndGlobalSection
	GlobalSection(SolutionProperties) = preSolution
		HideSolutionNode = FALSE
	EndGlobalSection
EndGlobal
